
Microsoft Visual Studio Solution File, Format Version 12.00
# Visual Studio Version 17
VisualStudioVersion = 17.14.36121.58 d17.14
MinimumVisualStudioVersion = 10.0.40219.1
Project("{FAE04EC0-301F-11D3-BF4B-00C04F79EFBC}") = "DUANCUAHANGAPPLE", "DUANCUAHANGAPPLE.csproj", "{C8F25319-926C-45D8-8066-C719753D7782}"
EndProject
Global
	GlobalSection(SolutionConfigurationPlatforms) = preSolution
		Debug|Any CPU = Debug|Any CPU
		Release|Any CPU = Release|Any CPU
	EndGlobalSection
	GlobalSection(ProjectConfigurationPlatforms) = postSolution
		{C8F25319-926C-45D8-8066-C719753D7782}.Debug|Any CPU.ActiveCfg = Debug|Any CPU
		{C8F25319-926C-45D8-8066-C719753D7782}.Debug|Any CPU.Build.0 = Debug|Any CPU
		{C8F25319-926C-45D8-8066-C719753D7782}.Release|Any CPU.ActiveCfg = Release|Any CPU
		{C8F25319-926C-45D8-8066-C719753D7782}.Release|Any CPU.Build.0 = Release|Any CPU
	EndGlobalSection
	GlobalSection(SolutionProperties) = preSolution
		HideSolutionNode = FALSE
	EndGlobalSection
	GlobalSection(ExtensibilityGlobals) = postSolution
		SolutionGuid = {4C8A414F-538E-4AEB-BEAF-EBA4F58A7766}
	EndGlobalSection
EndGlobal
